
Microsoft Visual Studio Solution File, Format Version 12.00
# Visual Studio 15
VisualStudioVersion = 15.0.27130.2027
MinimumVisualStudioVersion = 10.0.40219.1
Project("{FAE04EC0-301F-11D3-BF4B-00C04F79EFBC}") = "GettingStartedLib", "GettingStartedLib\GettingStartedLib.csproj", "{F17D6AEE-2649-4E7E-B3AE-7E2717D22340}"
EndProject
Project("{FAE04EC0-301F-11D3-BF4B-00C04F79EFBC}") = "GettingStartedHost", "GettingStartedHost\GettingStartedHost.csproj", "{63E5EE11-9A01-432A-8162-626CBF0544C4}"
EndProject
Project("{FAE04EC0-301F-11D3-BF4B-00C04F79EFBC}") = "GettingStartedClient", "GettingStartedClient\GettingStartedClient.csproj", "{115E7A2A-E39D-4798-ABF0-FA9BB664A232}"
	ProjectSection(ProjectDependencies) = postProject
		{F17D6AEE-2649-4E7E-B3AE-7E2717D22340} = {F17D6AEE-2649-4E7E-B3AE-7E2717D22340}
	EndProjectSection
EndProject
Global
	GlobalSection(SolutionConfigurationPlatforms) = preSolution
		Debug|Any CPU = Debug|Any CPU
		Release|Any CPU = Release|Any CPU
	EndGlobalSection
	GlobalSection(ProjectConfigurationPlatforms) = postSolution
		{F17D6AEE-2649-4E7E-B3AE-7E2717D22340}.Debug|Any CPU.ActiveCfg = Debug|Any CPU
		{F17D6AEE-2649-4E7E-B3AE-7E2717D22340}.Debug|Any CPU.Build.0 = Debug|Any CPU
		{F17D6AEE-2649-4E7E-B3AE-7E2717D22340}.Release|Any CPU.ActiveCfg = Release|Any CPU
		{F17D6AEE-2649-4E7E-B3AE-7E2717D22340}.Release|Any CPU.Build.0 = Release|Any CPU
		{63E5EE11-9A01-432A-8162-626CBF0544C4}.Debug|Any CPU.ActiveCfg = Debug|Any CPU
		{63E5EE11-9A01-432A-8162-626CBF0544C4}.Debug|Any CPU.Build.0 = Debug|Any CPU
		{63E5EE11-9A01-432A-8162-626CBF0544C4}.Release|Any CPU.ActiveCfg = Release|Any CPU
		{63E5EE11-9A01-432A-8162-626CBF0544C4}.Release|Any CPU.Build.0 = Release|Any CPU
		{115E7A2A-E39D-4798-ABF0-FA9BB664A232}.Debug|Any CPU.ActiveCfg = Debug|Any CPU
		{115E7A2A-E39D-4798-ABF0-FA9BB664A232}.Debug|Any CPU.Build.0 = Debug|Any CPU
		{115E7A2A-E39D-4798-ABF0-FA9BB664A232}.Release|Any CPU.ActiveCfg = Release|Any CPU
		{115E7A2A-E39D-4798-ABF0-FA9BB664A232}.Release|Any CPU.Build.0 = Release|Any CPU
	EndGlobalSection
	GlobalSection(SolutionProperties) = preSolution
		HideSolutionNode = FALSE
	EndGlobalSection
	GlobalSection(ExtensibilityGlobals) = postSolution
		SolutionGuid = {B8C419F5-AF12-482E-8C1E-2BE0473D5F47}
	EndGlobalSection
EndGlobal
